
Microsoft Visual Studio Solution File, Format Version 12.00
# Visual Studio Version 17
VisualStudioVersion = 17.10.35013.160
MinimumVisualStudioVersion = 10.0.40219.1
Project("{FAE04EC0-301F-11D3-BF4B-00C04F79EFBC}") = "Lesson9", "Lesson9\Lesson9.csproj", "{5E67844F-9080-495D-B97F-A782F470F999}"
EndProject
Global
	GlobalSection(SolutionConfigurationPlatforms) = preSolution
		Debug|Any CPU = Debug|Any CPU
		Release|Any CPU = Release|Any CPU
	EndGlobalSection
	GlobalSection(ProjectConfigurationPlatforms) = postSolution
		{5E67844F-9080-495D-B97F-A782F470F999}.Debug|Any CPU.ActiveCfg = Debug|Any CPU
		{5E67844F-9080-495D-B97F-A782F470F999}.Debug|Any CPU.Build.0 = Debug|Any CPU
		{5E67844F-9080-495D-B97F-A782F470F999}.Release|Any CPU.ActiveCfg = Release|Any CPU
		{5E67844F-9080-495D-B97F-A782F470F999}.Release|Any CPU.Build.0 = Release|Any CPU
	EndGlobalSection
	GlobalSection(SolutionProperties) = preSolution
		HideSolutionNode = FALSE
	EndGlobalSection
	GlobalSection(ExtensibilityGlobals) = postSolution
		SolutionGuid = {EFBE55DF-44AF-4367-BAE7-8F5073B2A9F0}
	EndGlobalSection
EndGlobal
